
Microsoft Visual Studio Solution File, Format Version 12.00
# Visual Studio Version 17
VisualStudioVersion = 17.6.33801.468
MinimumVisualStudioVersion = 10.0.40219.1
Project("{FAE04EC0-301F-11D3-BF4B-00C04F79EFBC}") = "Login", "Login\Login.csproj", "{F7ECC626-8A78-4838-97FB-E45A49D61FF5}"
EndProject
Global
	GlobalSection(SolutionConfigurationPlatforms) = preSolution
		Debug|Any CPU = Debug|Any CPU
		Release|Any CPU = Release|Any CPU
	EndGlobalSection
	GlobalSection(ProjectConfigurationPlatforms) = postSolution
		{F7ECC626-8A78-4838-97FB-E45A49D61FF5}.Debug|Any CPU.ActiveCfg = Debug|Any CPU
		{F7ECC626-8A78-4838-97FB-E45A49D61FF5}.Debug|Any CPU.Build.0 = Debug|Any CPU
		{F7ECC626-8A78-4838-97FB-E45A49D61FF5}.Release|Any CPU.ActiveCfg = Release|Any CPU
		{F7ECC626-8A78-4838-97FB-E45A49D61FF5}.Release|Any CPU.Build.0 = Release|Any CPU
	EndGlobalSection
	GlobalSection(SolutionProperties) = preSolution
		HideSolutionNode = FALSE
	EndGlobalSection
	GlobalSection(ExtensibilityGlobals) = postSolution
		SolutionGuid = {DC869B52-6164-4831-B134-7CC68BA05AB1}
	EndGlobalSection
EndGlobal
